
Microsoft Visual Studio Solution File, Format Version 12.00
# Visual Studio Version 16
VisualStudioVersion = 16.0.29509.3
MinimumVisualStudioVersion = 10.0.40219.1
Project("{FAE04EC0-301F-11D3-BF4B-00C04F79EFBC}") = "ASP.NET Core Impersonation", "ASP.NET Core Impersonation\ASP.NET Core Impersonation.csproj", "{232A3510-0C1D-4150-BFD7-9B6F2CD8FA22}"
EndProject
Project("{FAE04EC0-301F-11D3-BF4B-00C04F79EFBC}") = "CORE_IMPERSONATE", "CORE_IMPERSONATE\CORE_IMPERSONATE.csproj", "{AF4CFD26-C125-488A-BB0F-BFFEE8CDDFDE}"
EndProject
Global
	GlobalSection(SolutionConfigurationPlatforms) = preSolution
		Debug|Any CPU = Debug|Any CPU
		Release|Any CPU = Release|Any CPU
	EndGlobalSection
	GlobalSection(ProjectConfigurationPlatforms) = postSolution
		{232A3510-0C1D-4150-BFD7-9B6F2CD8FA22}.Debug|Any CPU.ActiveCfg = Debug|Any CPU
		{232A3510-0C1D-4150-BFD7-9B6F2CD8FA22}.Debug|Any CPU.Build.0 = Debug|Any CPU
		{232A3510-0C1D-4150-BFD7-9B6F2CD8FA22}.Release|Any CPU.ActiveCfg = Release|Any CPU
		{232A3510-0C1D-4150-BFD7-9B6F2CD8FA22}.Release|Any CPU.Build.0 = Release|Any CPU
		{AF4CFD26-C125-488A-BB0F-BFFEE8CDDFDE}.Debug|Any CPU.ActiveCfg = Debug|Any CPU
		{AF4CFD26-C125-488A-BB0F-BFFEE8CDDFDE}.Debug|Any CPU.Build.0 = Debug|Any CPU
		{AF4CFD26-C125-488A-BB0F-BFFEE8CDDFDE}.Release|Any CPU.ActiveCfg = Release|Any CPU
		{AF4CFD26-C125-488A-BB0F-BFFEE8CDDFDE}.Release|Any CPU.Build.0 = Release|Any CPU
	EndGlobalSection
	GlobalSection(SolutionProperties) = preSolution
		HideSolutionNode = FALSE
	EndGlobalSection
	GlobalSection(ExtensibilityGlobals) = postSolution
		SolutionGuid = {380342A9-B3AE-4D8B-8193-0F7F94C69DD0}
	EndGlobalSection
EndGlobal
